
Microsoft Visual Studio Solution File, Format Version 12.00
# Visual Studio 14
VisualStudioVersion = 14.0.25420.1
MinimumVisualStudioVersion = 10.0.40219.1
Project("{8BC9CEB8-8B4A-11D0-8D11-00A0C91BC942}") = "fuckpac", "fuckpac\fuckpac.vcxproj", "{2F731000-3991-4059-9FEA-085AB9EC5092}"
EndProject
Project("{8BC9CEB8-8B4A-11D0-8D11-00A0C91BC942}") = "pgd2png", "pgd2png\pgd2png.vcxproj", "{91989A6B-E832-40CB-8537-66AF6691DD32}"
EndProject
Project("{8BC9CEB8-8B4A-11D0-8D11-00A0C91BC942}") = "png2pgd", "png2pgd\png2pgd.vcxproj", "{DCB548D0-54A3-4B8E-BD19-1DF8A58CB9BE}"
EndProject
Project("{8BC9CEB8-8B4A-11D0-8D11-00A0C91BC942}") = "fuckfont", "fuckfont\fuckfont.vcxproj", "{26A54F7D-81D7-4414-AE28-9C756DEEC5B2}"
EndProject
Global
	GlobalSection(SolutionConfigurationPlatforms) = preSolution
		Debug|x64 = Debug|x64
		Debug|x86 = Debug|x86
		Release|x64 = Release|x64
		Release|x86 = Release|x86
	EndGlobalSection
	GlobalSection(ProjectConfigurationPlatforms) = postSolution
		{2F731000-3991-4059-9FEA-085AB9EC5092}.Debug|x64.ActiveCfg = Debug|x64
		{2F731000-3991-4059-9FEA-085AB9EC5092}.Debug|x64.Build.0 = Debug|x64
		{2F731000-3991-4059-9FEA-085AB9EC5092}.Debug|x86.ActiveCfg = Debug|Win32
		{2F731000-3991-4059-9FEA-085AB9EC5092}.Debug|x86.Build.0 = Debug|Win32
		{2F731000-3991-4059-9FEA-085AB9EC5092}.Release|x64.ActiveCfg = Release|x64
		{2F731000-3991-4059-9FEA-085AB9EC5092}.Release|x64.Build.0 = Release|x64
		{2F731000-3991-4059-9FEA-085AB9EC5092}.Release|x86.ActiveCfg = Release|Win32
		{2F731000-3991-4059-9FEA-085AB9EC5092}.Release|x86.Build.0 = Release|Win32
		{91989A6B-E832-40CB-8537-66AF6691DD32}.Debug|x64.ActiveCfg = Debug|x64
		{91989A6B-E832-40CB-8537-66AF6691DD32}.Debug|x64.Build.0 = Debug|x64
		{91989A6B-E832-40CB-8537-66AF6691DD32}.Debug|x86.ActiveCfg = Debug|Win32
		{91989A6B-E832-40CB-8537-66AF6691DD32}.Debug|x86.Build.0 = Debug|Win32
		{91989A6B-E832-40CB-8537-66AF6691DD32}.Release|x64.ActiveCfg = Release|x64
		{91989A6B-E832-40CB-8537-66AF6691DD32}.Release|x64.Build.0 = Release|x64
		{91989A6B-E832-40CB-8537-66AF6691DD32}.Release|x86.ActiveCfg = Release|Win32
		{91989A6B-E832-40CB-8537-66AF6691DD32}.Release|x86.Build.0 = Release|Win32
		{DCB548D0-54A3-4B8E-BD19-1DF8A58CB9BE}.Debug|x64.ActiveCfg = Debug|x64
		{DCB548D0-54A3-4B8E-BD19-1DF8A58CB9BE}.Debug|x64.Build.0 = Debug|x64
		{DCB548D0-54A3-4B8E-BD19-1DF8A58CB9BE}.Debug|x86.ActiveCfg = Debug|Win32
		{DCB548D0-54A3-4B8E-BD19-1DF8A58CB9BE}.Debug|x86.Build.0 = Debug|Win32
		{DCB548D0-54A3-4B8E-BD19-1DF8A58CB9BE}.Release|x64.ActiveCfg = Release|x64
		{DCB548D0-54A3-4B8E-BD19-1DF8A58CB9BE}.Release|x64.Build.0 = Release|x64
		{DCB548D0-54A3-4B8E-BD19-1DF8A58CB9BE}.Release|x86.ActiveCfg = Release|Win32
		{DCB548D0-54A3-4B8E-BD19-1DF8A58CB9BE}.Release|x86.Build.0 = Release|Win32
		{26A54F7D-81D7-4414-AE28-9C756DEEC5B2}.Debug|x64.ActiveCfg = Debug|x64
		{26A54F7D-81D7-4414-AE28-9C756DEEC5B2}.Debug|x64.Build.0 = Debug|x64
		{26A54F7D-81D7-4414-AE28-9C756DEEC5B2}.Debug|x86.ActiveCfg = Debug|Win32
		{26A54F7D-81D7-4414-AE28-9C756DEEC5B2}.Debug|x86.Build.0 = Debug|Win32
		{26A54F7D-81D7-4414-AE28-9C756DEEC5B2}.Release|x64.ActiveCfg = Release|x64
		{26A54F7D-81D7-4414-AE28-9C756DEEC5B2}.Release|x64.Build.0 = Release|x64
		{26A54F7D-81D7-4414-AE28-9C756DEEC5B2}.Release|x86.ActiveCfg = Release|Win32
		{26A54F7D-81D7-4414-AE28-9C756DEEC5B2}.Release|x86.Build.0 = Release|Win32
	EndGlobalSection
	GlobalSection(SolutionProperties) = preSolution
		HideSolutionNode = FALSE
	EndGlobalSection
EndGlobal
