
Microsoft Visual Studio Solution File, Format Version 12.00
# Visual Studio 14
VisualStudioVersion = 14.0.25420.1
MinimumVisualStudioVersion = 10.0.40219.1
Project("{8BC9CEB8-8B4A-11D0-8D11-00A0C91BC942}") = "ALD_unpack", "ALD_unpack\ALD_unpack.vcxproj", "{EB91F85D-2D79-4E2F-BDBF-FC40E22FE0DE}"
EndProject
Project("{8BC9CEB8-8B4A-11D0-8D11-00A0C91BC942}") = "ALD_pack", "ALD_pack\ALD_pack.vcxproj", "{2AEBE8DD-4302-4A40-BABF-91956BFCE271}"
EndProject
Project("{8BC9CEB8-8B4A-11D0-8D11-00A0C91BC942}") = "PMS2PNG", "PMS2PNG\PMS2PNG.vcxproj", "{E7357F4F-3DA6-496C-BABE-E86B806AEF8D}"
EndProject
Project("{8BC9CEB8-8B4A-11D0-8D11-00A0C91BC942}") = "PNG2PMS", "PNG2PMS\PNG2PMS.vcxproj", "{63F7B009-4C2C-4C2B-AB90-A3F045A90BAE}"
EndProject
Project("{8BC9CEB8-8B4A-11D0-8D11-00A0C91BC942}") = "AFA_unpack", "AFA_unpack\AFA_unpack.vcxproj", "{9AD96CC0-48B6-4EE5-9574-AD583623A663}"
EndProject
Project("{8BC9CEB8-8B4A-11D0-8D11-00A0C91BC942}") = "QNT2PNG", "QNT2PNG\QNT2PNG.vcxproj", "{2DAD427D-4EEF-4D5A-AA12-2669D1B7EF17}"
EndProject
Project("{8BC9CEB8-8B4A-11D0-8D11-00A0C91BC942}") = "FNL_unpack", "FNL_unpack\FNL_unpack.vcxproj", "{8636E9E4-FF31-42A8-A837-7486FB627D78}"
EndProject
Project("{8BC9CEB8-8B4A-11D0-8D11-00A0C91BC942}") = "PNG2QNT", "PNG2QNT\PNG2QNT.vcxproj", "{DE51FA6F-7F46-4229-B44F-2E0DA5291F1D}"
EndProject
Global
	GlobalSection(SolutionConfigurationPlatforms) = preSolution
		Debug|x64 = Debug|x64
		Debug|x86 = Debug|x86
		Release|x64 = Release|x64
		Release|x86 = Release|x86
	EndGlobalSection
	GlobalSection(ProjectConfigurationPlatforms) = postSolution
		{EB91F85D-2D79-4E2F-BDBF-FC40E22FE0DE}.Debug|x64.ActiveCfg = Debug|x64
		{EB91F85D-2D79-4E2F-BDBF-FC40E22FE0DE}.Debug|x64.Build.0 = Debug|x64
		{EB91F85D-2D79-4E2F-BDBF-FC40E22FE0DE}.Debug|x86.ActiveCfg = Debug|Win32
		{EB91F85D-2D79-4E2F-BDBF-FC40E22FE0DE}.Debug|x86.Build.0 = Debug|Win32
		{EB91F85D-2D79-4E2F-BDBF-FC40E22FE0DE}.Release|x64.ActiveCfg = Release|x64
		{EB91F85D-2D79-4E2F-BDBF-FC40E22FE0DE}.Release|x64.Build.0 = Release|x64
		{EB91F85D-2D79-4E2F-BDBF-FC40E22FE0DE}.Release|x86.ActiveCfg = Release|Win32
		{EB91F85D-2D79-4E2F-BDBF-FC40E22FE0DE}.Release|x86.Build.0 = Release|Win32
		{2AEBE8DD-4302-4A40-BABF-91956BFCE271}.Debug|x64.ActiveCfg = Debug|x64
		{2AEBE8DD-4302-4A40-BABF-91956BFCE271}.Debug|x64.Build.0 = Debug|x64
		{2AEBE8DD-4302-4A40-BABF-91956BFCE271}.Debug|x86.ActiveCfg = Debug|Win32
		{2AEBE8DD-4302-4A40-BABF-91956BFCE271}.Debug|x86.Build.0 = Debug|Win32
		{2AEBE8DD-4302-4A40-BABF-91956BFCE271}.Release|x64.ActiveCfg = Release|x64
		{2AEBE8DD-4302-4A40-BABF-91956BFCE271}.Release|x64.Build.0 = Release|x64
		{2AEBE8DD-4302-4A40-BABF-91956BFCE271}.Release|x86.ActiveCfg = Release|Win32
		{2AEBE8DD-4302-4A40-BABF-91956BFCE271}.Release|x86.Build.0 = Release|Win32
		{E7357F4F-3DA6-496C-BABE-E86B806AEF8D}.Debug|x64.ActiveCfg = Debug|x64
		{E7357F4F-3DA6-496C-BABE-E86B806AEF8D}.Debug|x64.Build.0 = Debug|x64
		{E7357F4F-3DA6-496C-BABE-E86B806AEF8D}.Debug|x86.ActiveCfg = Debug|Win32
		{E7357F4F-3DA6-496C-BABE-E86B806AEF8D}.Debug|x86.Build.0 = Debug|Win32
		{E7357F4F-3DA6-496C-BABE-E86B806AEF8D}.Release|x64.ActiveCfg = Release|x64
		{E7357F4F-3DA6-496C-BABE-E86B806AEF8D}.Release|x64.Build.0 = Release|x64
		{E7357F4F-3DA6-496C-BABE-E86B806AEF8D}.Release|x86.ActiveCfg = Release|Win32
		{E7357F4F-3DA6-496C-BABE-E86B806AEF8D}.Release|x86.Build.0 = Release|Win32
		{63F7B009-4C2C-4C2B-AB90-A3F045A90BAE}.Debug|x64.ActiveCfg = Debug|x64
		{63F7B009-4C2C-4C2B-AB90-A3F045A90BAE}.Debug|x64.Build.0 = Debug|x64
		{63F7B009-4C2C-4C2B-AB90-A3F045A90BAE}.Debug|x86.ActiveCfg = Debug|Win32
		{63F7B009-4C2C-4C2B-AB90-A3F045A90BAE}.Debug|x86.Build.0 = Debug|Win32
		{63F7B009-4C2C-4C2B-AB90-A3F045A90BAE}.Release|x64.ActiveCfg = Release|x64
		{63F7B009-4C2C-4C2B-AB90-A3F045A90BAE}.Release|x64.Build.0 = Release|x64
		{63F7B009-4C2C-4C2B-AB90-A3F045A90BAE}.Release|x86.ActiveCfg = Release|Win32
		{63F7B009-4C2C-4C2B-AB90-A3F045A90BAE}.Release|x86.Build.0 = Release|Win32
		{9AD96CC0-48B6-4EE5-9574-AD583623A663}.Debug|x64.ActiveCfg = Debug|x64
		{9AD96CC0-48B6-4EE5-9574-AD583623A663}.Debug|x64.Build.0 = Debug|x64
		{9AD96CC0-48B6-4EE5-9574-AD583623A663}.Debug|x86.ActiveCfg = Debug|Win32
		{9AD96CC0-48B6-4EE5-9574-AD583623A663}.Debug|x86.Build.0 = Debug|Win32
		{9AD96CC0-48B6-4EE5-9574-AD583623A663}.Release|x64.ActiveCfg = Release|x64
		{9AD96CC0-48B6-4EE5-9574-AD583623A663}.Release|x64.Build.0 = Release|x64
		{9AD96CC0-48B6-4EE5-9574-AD583623A663}.Release|x86.ActiveCfg = Release|Win32
		{9AD96CC0-48B6-4EE5-9574-AD583623A663}.Release|x86.Build.0 = Release|Win32
		{2DAD427D-4EEF-4D5A-AA12-2669D1B7EF17}.Debug|x64.ActiveCfg = Debug|x64
		{2DAD427D-4EEF-4D5A-AA12-2669D1B7EF17}.Debug|x64.Build.0 = Debug|x64
		{2DAD427D-4EEF-4D5A-AA12-2669D1B7EF17}.Debug|x86.ActiveCfg = Debug|Win32
		{2DAD427D-4EEF-4D5A-AA12-2669D1B7EF17}.Debug|x86.Build.0 = Debug|Win32
		{2DAD427D-4EEF-4D5A-AA12-2669D1B7EF17}.Release|x64.ActiveCfg = Release|x64
		{2DAD427D-4EEF-4D5A-AA12-2669D1B7EF17}.Release|x64.Build.0 = Release|x64
		{2DAD427D-4EEF-4D5A-AA12-2669D1B7EF17}.Release|x86.ActiveCfg = Release|Win32
		{2DAD427D-4EEF-4D5A-AA12-2669D1B7EF17}.Release|x86.Build.0 = Release|Win32
		{8636E9E4-FF31-42A8-A837-7486FB627D78}.Debug|x64.ActiveCfg = Debug|x64
		{8636E9E4-FF31-42A8-A837-7486FB627D78}.Debug|x64.Build.0 = Debug|x64
		{8636E9E4-FF31-42A8-A837-7486FB627D78}.Debug|x86.ActiveCfg = Debug|Win32
		{8636E9E4-FF31-42A8-A837-7486FB627D78}.Debug|x86.Build.0 = Debug|Win32
		{8636E9E4-FF31-42A8-A837-7486FB627D78}.Release|x64.ActiveCfg = Release|x64
		{8636E9E4-FF31-42A8-A837-7486FB627D78}.Release|x64.Build.0 = Release|x64
		{8636E9E4-FF31-42A8-A837-7486FB627D78}.Release|x86.ActiveCfg = Release|Win32
		{8636E9E4-FF31-42A8-A837-7486FB627D78}.Release|x86.Build.0 = Release|Win32
		{DE51FA6F-7F46-4229-B44F-2E0DA5291F1D}.Debug|x64.ActiveCfg = Debug|x64
		{DE51FA6F-7F46-4229-B44F-2E0DA5291F1D}.Debug|x64.Build.0 = Debug|x64
		{DE51FA6F-7F46-4229-B44F-2E0DA5291F1D}.Debug|x86.ActiveCfg = Debug|Win32
		{DE51FA6F-7F46-4229-B44F-2E0DA5291F1D}.Debug|x86.Build.0 = Debug|Win32
		{DE51FA6F-7F46-4229-B44F-2E0DA5291F1D}.Release|x64.ActiveCfg = Release|x64
		{DE51FA6F-7F46-4229-B44F-2E0DA5291F1D}.Release|x64.Build.0 = Release|x64
		{DE51FA6F-7F46-4229-B44F-2E0DA5291F1D}.Release|x86.ActiveCfg = Release|Win32
		{DE51FA6F-7F46-4229-B44F-2E0DA5291F1D}.Release|x86.Build.0 = Release|Win32
	EndGlobalSection
	GlobalSection(SolutionProperties) = preSolution
		HideSolutionNode = FALSE
	EndGlobalSection
EndGlobal
